
Microsoft Visual Studio Solution File, Format Version 12.00
# Visual Studio 14
VisualStudioVersion = 14.0.25420.1
MinimumVisualStudioVersion = 10.0.40219.1
Project("{8BC9CEB8-8B4A-11D0-8D11-00A0C91BC942}") = "1冒泡排序", "冒泡排序\冒泡排序.vcxproj", "{2072742F-5348-48A9-9AC5-92820EB8E600}"
EndProject
Project("{8BC9CEB8-8B4A-11D0-8D11-00A0C91BC942}") = "2选择排序", "选择排序\选择排序.vcxproj", "{3D7D91CF-BFEB-4465-BFBE-62D84E801F11}"
EndProject
Project("{8BC9CEB8-8B4A-11D0-8D11-00A0C91BC942}") = "3插入排序", "插入排序\插入排序.vcxproj", "{FD61E25A-2687-4B1B-ADB4-9FF286D8D24B}"
EndProject
Project("{8BC9CEB8-8B4A-11D0-8D11-00A0C91BC942}") = "4shell排序", "shell排序\shell排序.vcxproj", "{A80C67D6-56BB-4ED7-BAD8-13EF9366EC02}"
EndProject
Project("{8BC9CEB8-8B4A-11D0-8D11-00A0C91BC942}") = "5基数排序", "5基数排序\5基数排序.vcxproj", "{66BFB638-2DDA-4F7B-A910-3ADCB90CC920}"
EndProject
Project("{8BC9CEB8-8B4A-11D0-8D11-00A0C91BC942}") = "6桶（箱）排序", "6桶（箱）排序\6桶（箱）排序.vcxproj", "{262D6C56-866C-40F9-B877-F311D67A5A61}"
EndProject
Project("{8BC9CEB8-8B4A-11D0-8D11-00A0C91BC942}") = "7快速排序", "7快速排序\7快速排序.vcxproj", "{F41F8978-021C-45AC-BCD6-C12FB6F34323}"
EndProject
Project("{8BC9CEB8-8B4A-11D0-8D11-00A0C91BC942}") = "8归并排序", "8归并排序\8归并排序.vcxproj", "{7E313FA4-FEDE-4E1A-8CBE-D445E9275F3C}"
EndProject
Global
	GlobalSection(SolutionConfigurationPlatforms) = preSolution
		Debug|x64 = Debug|x64
		Debug|x86 = Debug|x86
		Release|x64 = Release|x64
		Release|x86 = Release|x86
	EndGlobalSection
	GlobalSection(ProjectConfigurationPlatforms) = postSolution
		{2072742F-5348-48A9-9AC5-92820EB8E600}.Debug|x64.ActiveCfg = Debug|x64
		{2072742F-5348-48A9-9AC5-92820EB8E600}.Debug|x64.Build.0 = Debug|x64
		{2072742F-5348-48A9-9AC5-92820EB8E600}.Debug|x86.ActiveCfg = Debug|Win32
		{2072742F-5348-48A9-9AC5-92820EB8E600}.Debug|x86.Build.0 = Debug|Win32
		{2072742F-5348-48A9-9AC5-92820EB8E600}.Release|x64.ActiveCfg = Release|x64
		{2072742F-5348-48A9-9AC5-92820EB8E600}.Release|x64.Build.0 = Release|x64
		{2072742F-5348-48A9-9AC5-92820EB8E600}.Release|x86.ActiveCfg = Release|Win32
		{2072742F-5348-48A9-9AC5-92820EB8E600}.Release|x86.Build.0 = Release|Win32
		{3D7D91CF-BFEB-4465-BFBE-62D84E801F11}.Debug|x64.ActiveCfg = Debug|x64
		{3D7D91CF-BFEB-4465-BFBE-62D84E801F11}.Debug|x64.Build.0 = Debug|x64
		{3D7D91CF-BFEB-4465-BFBE-62D84E801F11}.Debug|x86.ActiveCfg = Debug|Win32
		{3D7D91CF-BFEB-4465-BFBE-62D84E801F11}.Debug|x86.Build.0 = Debug|Win32
		{3D7D91CF-BFEB-4465-BFBE-62D84E801F11}.Release|x64.ActiveCfg = Release|x64
		{3D7D91CF-BFEB-4465-BFBE-62D84E801F11}.Release|x64.Build.0 = Release|x64
		{3D7D91CF-BFEB-4465-BFBE-62D84E801F11}.Release|x86.ActiveCfg = Release|Win32
		{3D7D91CF-BFEB-4465-BFBE-62D84E801F11}.Release|x86.Build.0 = Release|Win32
		{FD61E25A-2687-4B1B-ADB4-9FF286D8D24B}.Debug|x64.ActiveCfg = Debug|x64
		{FD61E25A-2687-4B1B-ADB4-9FF286D8D24B}.Debug|x64.Build.0 = Debug|x64
		{FD61E25A-2687-4B1B-ADB4-9FF286D8D24B}.Debug|x86.ActiveCfg = Debug|Win32
		{FD61E25A-2687-4B1B-ADB4-9FF286D8D24B}.Debug|x86.Build.0 = Debug|Win32
		{FD61E25A-2687-4B1B-ADB4-9FF286D8D24B}.Release|x64.ActiveCfg = Release|x64
		{FD61E25A-2687-4B1B-ADB4-9FF286D8D24B}.Release|x64.Build.0 = Release|x64
		{FD61E25A-2687-4B1B-ADB4-9FF286D8D24B}.Release|x86.ActiveCfg = Release|Win32
		{FD61E25A-2687-4B1B-ADB4-9FF286D8D24B}.Release|x86.Build.0 = Release|Win32
		{A80C67D6-56BB-4ED7-BAD8-13EF9366EC02}.Debug|x64.ActiveCfg = Debug|x64
		{A80C67D6-56BB-4ED7-BAD8-13EF9366EC02}.Debug|x64.Build.0 = Debug|x64
		{A80C67D6-56BB-4ED7-BAD8-13EF9366EC02}.Debug|x86.ActiveCfg = Debug|Win32
		{A80C67D6-56BB-4ED7-BAD8-13EF9366EC02}.Debug|x86.Build.0 = Debug|Win32
		{A80C67D6-56BB-4ED7-BAD8-13EF9366EC02}.Release|x64.ActiveCfg = Release|x64
		{A80C67D6-56BB-4ED7-BAD8-13EF9366EC02}.Release|x64.Build.0 = Release|x64
		{A80C67D6-56BB-4ED7-BAD8-13EF9366EC02}.Release|x86.ActiveCfg = Release|Win32
		{A80C67D6-56BB-4ED7-BAD8-13EF9366EC02}.Release|x86.Build.0 = Release|Win32
		{66BFB638-2DDA-4F7B-A910-3ADCB90CC920}.Debug|x64.ActiveCfg = Debug|x64
		{66BFB638-2DDA-4F7B-A910-3ADCB90CC920}.Debug|x64.Build.0 = Debug|x64
		{66BFB638-2DDA-4F7B-A910-3ADCB90CC920}.Debug|x86.ActiveCfg = Debug|Win32
		{66BFB638-2DDA-4F7B-A910-3ADCB90CC920}.Debug|x86.Build.0 = Debug|Win32
		{66BFB638-2DDA-4F7B-A910-3ADCB90CC920}.Release|x64.ActiveCfg = Release|x64
		{66BFB638-2DDA-4F7B-A910-3ADCB90CC920}.Release|x64.Build.0 = Release|x64
		{66BFB638-2DDA-4F7B-A910-3ADCB90CC920}.Release|x86.ActiveCfg = Release|Win32
		{66BFB638-2DDA-4F7B-A910-3ADCB90CC920}.Release|x86.Build.0 = Release|Win32
		{262D6C56-866C-40F9-B877-F311D67A5A61}.Debug|x64.ActiveCfg = Debug|x64
		{262D6C56-866C-40F9-B877-F311D67A5A61}.Debug|x64.Build.0 = Debug|x64
		{262D6C56-866C-40F9-B877-F311D67A5A61}.Debug|x86.ActiveCfg = Debug|Win32
		{262D6C56-866C-40F9-B877-F311D67A5A61}.Debug|x86.Build.0 = Debug|Win32
		{262D6C56-866C-40F9-B877-F311D67A5A61}.Release|x64.ActiveCfg = Release|x64
		{262D6C56-866C-40F9-B877-F311D67A5A61}.Release|x64.Build.0 = Release|x64
		{262D6C56-866C-40F9-B877-F311D67A5A61}.Release|x86.ActiveCfg = Release|Win32
		{262D6C56-866C-40F9-B877-F311D67A5A61}.Release|x86.Build.0 = Release|Win32
		{F41F8978-021C-45AC-BCD6-C12FB6F34323}.Debug|x64.ActiveCfg = Debug|x64
		{F41F8978-021C-45AC-BCD6-C12FB6F34323}.Debug|x64.Build.0 = Debug|x64
		{F41F8978-021C-45AC-BCD6-C12FB6F34323}.Debug|x86.ActiveCfg = Debug|Win32
		{F41F8978-021C-45AC-BCD6-C12FB6F34323}.Debug|x86.Build.0 = Debug|Win32
		{F41F8978-021C-45AC-BCD6-C12FB6F34323}.Release|x64.ActiveCfg = Release|x64
		{F41F8978-021C-45AC-BCD6-C12FB6F34323}.Release|x64.Build.0 = Release|x64
		{F41F8978-021C-45AC-BCD6-C12FB6F34323}.Release|x86.ActiveCfg = Release|Win32
		{F41F8978-021C-45AC-BCD6-C12FB6F34323}.Release|x86.Build.0 = Release|Win32
		{7E313FA4-FEDE-4E1A-8CBE-D445E9275F3C}.Debug|x64.ActiveCfg = Debug|x64
		{7E313FA4-FEDE-4E1A-8CBE-D445E9275F3C}.Debug|x64.Build.0 = Debug|x64
		{7E313FA4-FEDE-4E1A-8CBE-D445E9275F3C}.Debug|x86.ActiveCfg = Debug|Win32
		{7E313FA4-FEDE-4E1A-8CBE-D445E9275F3C}.Debug|x86.Build.0 = Debug|Win32
		{7E313FA4-FEDE-4E1A-8CBE-D445E9275F3C}.Release|x64.ActiveCfg = Release|x64
		{7E313FA4-FEDE-4E1A-8CBE-D445E9275F3C}.Release|x64.Build.0 = Release|x64
		{7E313FA4-FEDE-4E1A-8CBE-D445E9275F3C}.Release|x86.ActiveCfg = Release|Win32
		{7E313FA4-FEDE-4E1A-8CBE-D445E9275F3C}.Release|x86.Build.0 = Release|Win32
	EndGlobalSection
	GlobalSection(SolutionProperties) = preSolution
		HideSolutionNode = FALSE
	EndGlobalSection
EndGlobal
